# @generated - this file is auto-generated by `mise lock` https://mise.jdx.dev/dev-tools/mise-lock.html

lockfile_version = 1

[[tools.actionlint]]
version = "1.7.12"
backend = "aqua:rhysd/actionlint"
specifiers = ["1.7.12"]

[tools.actionlint."platforms.linux-x64"]
checksum = "sha256:8aca8db96f1b94770f1b0d72b6dddcb1ebb8123cb3712530b08cc387b349a3d8"
url = "https://github.com/rhysd/actionlint/releases/download/v1.7.12/actionlint_1.7.12_linux_amd64.tar.gz"
url_api = "https://api.github.com/repos/rhysd/actionlint/releases/assets/384924896"
provenance = "github-attestations"

[tools.actionlint."platforms.linux-x64-baseline"]
checksum = "sha256:8aca8db96f1b94770f1b0d72b6dddcb1ebb8123cb3712530b08cc387b349a3d8"
url = "https://github.com/rhysd/actionlint/releases/download/v1.7.12/actionlint_1.7.12_linux_amd64.tar.gz"
url_api = "https://api.github.com/repos/rhysd/actionlint/releases/assets/384924896"
provenance = "github-attestations"

[tools.actionlint."platforms.linux-x64-musl"]
checksum = "sha256:8aca8db96f1b94770f1b0d72b6dddcb1ebb8123cb3712530b08cc387b349a3d8"
url = "https://github.com/rhysd/actionlint/releases/download/v1.7.12/actionlint_1.7.12_linux_amd64.tar.gz"
url_api = "https://api.github.com/repos/rhysd/actionlint/releases/assets/384924896"
provenance = "github-attestations"

[tools.actionlint."platforms.linux-x64-musl-baseline"]
checksum = "sha256:8aca8db96f1b94770f1b0d72b6dddcb1ebb8123cb3712530b08cc387b349a3d8"
url = "https://github.com/rhysd/actionlint/releases/download/v1.7.12/actionlint_1.7.12_linux_amd64.tar.gz"
url_api = "https://api.github.com/repos/rhysd/actionlint/releases/assets/384924896"
provenance = "github-attestations"

[[tools.bun]]
version = "1.4.0"
backend = "core:bun"
specifiers = ["1.4"]

[tools.bun."platforms.linux-x64"]
checksum = "sha256:2d03fb5fb83ac8b567aca0a281b2ce1a1a19d488f56c2968d88c3f25e92fe452"
url = "https://github.com/oven-sh/bun/releases/download/bun-v1.4.0/bun-linux-x64.zip"

[tools.bun."platforms.linux-x64-baseline"]
checksum = "sha256:184fb4595f0d401a217cf7c78c1bc430ba83314dab7a8b94805babbf7fa7097f"
url = "https://github.com/oven-sh/bun/releases/download/bun-v1.4.0/bun-linux-x64-baseline.zip"

[tools.bun."platforms.linux-x64-musl"]
checksum = "sha256:83b5f12fd258dd8d4fdcaea65ede954366aa717dab399e20093ecab280d54e7a"
url = "https://github.com/oven-sh/bun/releases/download/bun-v1.4.0/bun-linux-x64-musl.zip"

[tools.bun."platforms.linux-x64-musl-baseline"]
checksum = "sha256:618c4bc1f94b02337ee210003c0b7c066f11548a8cdc5109df10db043dc47ca2"
url = "https://github.com/oven-sh/bun/releases/download/bun-v1.4.0/bun-linux-x64-musl-baseline.zip"

[[tools.go]]
version = "1.26.7"
backend = "core:go"
specifiers = ["1.26.7"]

[tools.go."platforms.linux-x64"]
checksum = "sha256:ffb5f8de10c62550dfddab66b36b57030721e0a44a3218e9e1181d7b59f121ca"
url = "https://dl.google.com/go/go1.26.7.linux-amd64.tar.gz"

[tools.go."platforms.linux-x64-baseline"]
checksum = "sha256:ffb5f8de10c62550dfddab66b36b57030721e0a44a3218e9e1181d7b59f121ca"
url = "https://dl.google.com/go/go1.26.7.linux-amd64.tar.gz"

[tools.go."platforms.linux-x64-musl"]
checksum = "sha256:ffb5f8de10c62550dfddab66b36b57030721e0a44a3218e9e1181d7b59f121ca"
url = "https://dl.google.com/go/go1.26.7.linux-amd64.tar.gz"

[tools.go."platforms.linux-x64-musl-baseline"]
checksum = "sha256:ffb5f8de10c62550dfddab66b36b57030721e0a44a3218e9e1181d7b59f121ca"
url = "https://dl.google.com/go/go1.26.7.linux-amd64.tar.gz"

[[tools.node]]
version = "24.20.0"
backend = "core:node"
specifiers = ["24"]

[tools.node."platforms.linux-x64"]
checksum = "sha256:855d581f8a4eb1a8117e3426de25fe02770592febcfb31369aee1ffbfee9e8ec"
url = "https://nodejs.org/dist/v24.20.0/node-v24.20.0-linux-x64.tar.gz"

[tools.node."platforms.linux-x64-baseline"]
checksum = "sha256:855d581f8a4eb1a8117e3426de25fe02770592febcfb31369aee1ffbfee9e8ec"
url = "https://nodejs.org/dist/v24.20.0/node-v24.20.0-linux-x64.tar.gz"

[tools.node."platforms.linux-x64-musl"]
checksum = "sha256:9ae1399fef4bd8990e15773ce1327b336a20b9e97d8c7549f4f42ca73c43f562"
url = "https://unofficial-builds.nodejs.org/download/release/v24.20.0/node-v24.20.0-linux-x64-musl.tar.gz"

[tools.node."platforms.linux-x64-musl-baseline"]
checksum = "sha256:9ae1399fef4bd8990e15773ce1327b336a20b9e97d8c7549f4f42ca73c43f562"
url = "https://unofficial-builds.nodejs.org/download/release/v24.20.0/node-v24.20.0-linux-x64-musl.tar.gz"

[[tools.python]]
version = "3.12.14"
backend = "core:python"
specifiers = ["3.12"]

[tools.python."platforms.linux-x64"]
checksum = "sha256:7ce4a71285d913955a76053cc7605ea96da8ecada54dba9cf395245961816421"
url = "https://github.com/astral-sh/python-build-standalone/releases/download/20260825/cpython-3.12.14+20260825-x86_64-unknown-linux-gnu-install_only_stripped.tar.gz"
provenance = "github-attestations"

[tools.python."platforms.linux-x64-baseline"]
checksum = "sha256:7ce4a71285d913955a76053cc7605ea96da8ecada54dba9cf395245961816421"
url = "https://github.com/astral-sh/python-build-standalone/releases/download/20260825/cpython-3.12.14+20260825-x86_64-unknown-linux-gnu-install_only_stripped.tar.gz"
provenance = "github-attestations"

[tools.python."platforms.linux-x64-musl"]
checksum = "sha256:cf814a8afed85f1994a9b7fd16146c7faeac4f21ab68fd91537b357fd0bb0899"
url = "https://github.com/astral-sh/python-build-standalone/releases/download/20260825/cpython-3.12.14+20260825-x86_64-unknown-linux-musl-install_only_stripped.tar.gz"
provenance = "github-attestations"

[tools.python."platforms.linux-x64-musl-baseline"]
checksum = "sha256:cf814a8afed85f1994a9b7fd16146c7faeac4f21ab68fd91537b357fd0bb0899"
url = "https://github.com/astral-sh/python-build-standalone/releases/download/20260825/cpython-3.12.14+20260825-x86_64-unknown-linux-musl-install_only_stripped.tar.gz"
provenance = "github-attestations"

[[tools.ruff]]
version = "0.12.12"
backend = "aqua:astral-sh/ruff"
specifiers = ["0.12.12"]

[tools.ruff."platforms.linux-x64"]
checksum = "sha256:1baad5d4282fcad356925d45b84b5c0a9c8a814c1b7919027651b8f83bd78828"
url = "https://github.com/astral-sh/ruff/releases/download/0.12.12/ruff-x86_64-unknown-linux-gnu.tar.gz"
url_api = "https://api.github.com/repos/astral-sh/ruff/releases/assets/289680662"

[tools.ruff."platforms.linux-x64-baseline"]
checksum = "sha256:1baad5d4282fcad356925d45b84b5c0a9c8a814c1b7919027651b8f83bd78828"
url = "https://github.com/astral-sh/ruff/releases/download/0.12.12/ruff-x86_64-unknown-linux-gnu.tar.gz"
url_api = "https://api.github.com/repos/astral-sh/ruff/releases/assets/289680662"

[tools.ruff."platforms.linux-x64-musl"]
checksum = "sha256:dd4840045c585ebc982530b9a8b687787dd6f3c099da93a6c1ff495471ab937b"
url = "https://github.com/astral-sh/ruff/releases/download/0.12.12/ruff-x86_64-unknown-linux-musl.tar.gz"
url_api = "https://api.github.com/repos/astral-sh/ruff/releases/assets/289680668"

[tools.ruff."platforms.linux-x64-musl-baseline"]
checksum = "sha256:dd4840045c585ebc982530b9a8b687787dd6f3c099da93a6c1ff495471ab937b"
url = "https://github.com/astral-sh/ruff/releases/download/0.12.12/ruff-x86_64-unknown-linux-musl.tar.gz"
url_api = "https://api.github.com/repos/astral-sh/ruff/releases/assets/289680668"

[[tools.shellcheck]]
version = "0.11.0"
backend = "aqua:koalaman/shellcheck"
specifiers = ["0.11.0"]

[tools.shellcheck."platforms.linux-x64"]
checksum = "sha256:8c3be12b05d5c177a04c29e3c78ce89ac86f1595681cab149b65b97c4e227198"
url = "https://github.com/koalaman/shellcheck/releases/download/v0.11.0/shellcheck-v0.11.0.linux.x86_64.tar.xz"
url_api = "https://api.github.com/repos/koalaman/shellcheck/releases/assets/279056942"

[tools.shellcheck."platforms.linux-x64-baseline"]
checksum = "sha256:8c3be12b05d5c177a04c29e3c78ce89ac86f1595681cab149b65b97c4e227198"
url = "https://github.com/koalaman/shellcheck/releases/download/v0.11.0/shellcheck-v0.11.0.linux.x86_64.tar.xz"
url_api = "https://api.github.com/repos/koalaman/shellcheck/releases/assets/279056942"

[tools.shellcheck."platforms.linux-x64-musl"]
checksum = "sha256:8c3be12b05d5c177a04c29e3c78ce89ac86f1595681cab149b65b97c4e227198"
url = "https://github.com/koalaman/shellcheck/releases/download/v0.11.0/shellcheck-v0.11.0.linux.x86_64.tar.xz"
url_api = "https://api.github.com/repos/koalaman/shellcheck/releases/assets/279056942"

[tools.shellcheck."platforms.linux-x64-musl-baseline"]
checksum = "sha256:8c3be12b05d5c177a04c29e3c78ce89ac86f1595681cab149b65b97c4e227198"
url = "https://github.com/koalaman/shellcheck/releases/download/v0.11.0/shellcheck-v0.11.0.linux.x86_64.tar.xz"
url_api = "https://api.github.com/repos/koalaman/shellcheck/releases/assets/279056942"
